// !$*UTF8*$!
{
	archiveVersion = 1;
	classes = {
	};
	objectVersion = 52;
	objects = {

/* Begin PBXAggregateTarget section */
		3778C97E268B92CE0003BAB8 /* Periphery */ = {
			isa = PBXAggregateTarget;
			buildConfigurationList = 3778C981268B92CE0003BAB8 /* Build configuration list for PBXAggregateTarget "Periphery" */;
			buildPhases = (
				3778C982268B92E30003BAB8 /* ShellScript */,
			);
			dependencies = (
			);
			name = Periphery;
			productName = Periphery;
		};
/* End PBXAggregateTarget section */

/* Begin PBXBuildFile section */
		111290A42583E84800FE473E /* TableViewDataSource.swift in Sources */ = {isa = PBXBuildFile; fileRef = 111290A32583E84800FE473E /* TableViewDataSource.swift */; };
		1121410025856553000FC5BF /* PersistenceManager.swift in Sources */ = {isa = PBXBuildFile; fileRef = 112140FF25856553000FC5BF /* PersistenceManager.swift */; };
		114E8ADD2582A89000043C70 /* TableViewCell.swift in Sources */ = {isa = PBXBuildFile; fileRef = 114E8ADB2582A89000043C70 /* TableViewCell.swift */; };
		114E8ADE2582A89000043C70 /* TableViewCell.xib in Resources */ = {isa = PBXBuildFile; fileRef = 114E8ADC2582A89000043C70 /* TableViewCell.xib */; };
		114E8B1E2582C88300043C70 /* LocationManager.swift in Sources */ = {isa = PBXBuildFile; fileRef = 114E8B1D2582C88300043C70 /* LocationManager.swift */; };
		114E8B222582D62800043C70 /* UIImageView.swift in Sources */ = {isa = PBXBuildFile; fileRef = 114E8B212582D62800043C70 /* UIImageView.swift */; };
		114E8B252583050F00043C70 /* ProgressView.swift in Sources */ = {isa = PBXBuildFile; fileRef = 114E8B242583050F00043C70 /* ProgressView.swift */; };
		114E8B282583117A00043C70 /* Parser.swift in Sources */ = {isa = PBXBuildFile; fileRef = 114E8B272583117A00043C70 /* Parser.swift */; };
		114E8B2B2583192C00043C70 /* Coordinate.swift in Sources */ = {isa = PBXBuildFile; fileRef = 114E8B2A2583192C00043C70 /* Coordinate.swift */; };
		115AD5422586518D00E9B13F /* PersistenceDataHelper.swift in Sources */ = {isa = PBXBuildFile; fileRef = 115AD5412586518D00E9B13F /* PersistenceDataHelper.swift */; };
		115AD546258662F300E9B13F /* BottomBarView.swift in Sources */ = {isa = PBXBuildFile; fileRef = 115AD545258662F300E9B13F /* BottomBarView.swift */; };
		115AD54925866A6900E9B13F /* ViewHelper.swift in Sources */ = {isa = PBXBuildFile; fileRef = 115AD54825866A6900E9B13F /* ViewHelper.swift */; };
		1169B43E2586C9540018437E /* WeatherLoggerUITests.swift in Sources */ = {isa = PBXBuildFile; fileRef = 1169B43D2586C9540018437E /* WeatherLoggerUITests.swift */; };
		1169B44C258746690018437E /* BaseTests.swift in Sources */ = {isa = PBXBuildFile; fileRef = 1169B44B258746690018437E /* BaseTests.swift */; };
		116CDEE32581524200793435 /* WeatherResponse.swift in Sources */ = {isa = PBXBuildFile; fileRef = 116CDEE22581524200793435 /* WeatherResponse.swift */; };
		116CDEE72581528D00793435 /* URLSession.swift in Sources */ = {isa = PBXBuildFile; fileRef = 116CDEE62581528D00793435 /* URLSession.swift */; };
		116CDEED2581538800793435 /* NetworkService.swift in Sources */ = {isa = PBXBuildFile; fileRef = 116CDEEC2581538800793435 /* NetworkService.swift */; };
		11701B512580164C00F1423F /* AppDelegate.swift in Sources */ = {isa = PBXBuildFile; fileRef = 11701B502580164C00F1423F /* AppDelegate.swift */; };
		11701B532580164C00F1423F /* SceneDelegate.swift in Sources */ = {isa = PBXBuildFile; fileRef = 11701B522580164C00F1423F /* SceneDelegate.swift */; };
		11701B552580164C00F1423F /* DetailsViewController.swift in Sources */ = {isa = PBXBuildFile; fileRef = 11701B542580164C00F1423F /* DetailsViewController.swift */; };
		11701B582580164C00F1423F /* Main.storyboard in Resources */ = {isa = PBXBuildFile; fileRef = 11701B562580164C00F1423F /* Main.storyboard */; };
		11701B5A2580164D00F1423F /* Assets.xcassets in Resources */ = {isa = PBXBuildFile; fileRef = 11701B592580164D00F1423F /* Assets.xcassets */; };
		11701B5D2580164D00F1423F /* LaunchScreen.storyboard in Resources */ = {isa = PBXBuildFile; fileRef = 11701B5B2580164D00F1423F /* LaunchScreen.storyboard */; };
		119539F425815D6A00E73C38 /* HomeViewController.swift in Sources */ = {isa = PBXBuildFile; fileRef = 119539F325815D6A00E73C38 /* HomeViewController.swift */; };
		119539F92581699600E73C38 /* Coordinator.swift in Sources */ = {isa = PBXBuildFile; fileRef = 119539F82581699600E73C38 /* Coordinator.swift */; };
		119539FE25816CE000E73C38 /* MainCoordinator.swift in Sources */ = {isa = PBXBuildFile; fileRef = 119539FD25816CE000E73C38 /* MainCoordinator.swift */; };
		11953A0225816DA400E73C38 /* Storyboarded.swift in Sources */ = {isa = PBXBuildFile; fileRef = 11953A0125816DA400E73C38 /* Storyboarded.swift */; };
		11B51E3F2583CA3C00672AAC /* Date.swift in Sources */ = {isa = PBXBuildFile; fileRef = 11B51E3E2583CA3C00672AAC /* Date.swift */; };
		11B51E462583DF0700672AAC /* UIViewController.swift in Sources */ = {isa = PBXBuildFile; fileRef = 11B51E452583DF0700672AAC /* UIViewController.swift */; };
		11DE69202585B1DB0055D84C /* WeatherData+CoreDataClass.swift in Sources */ = {isa = PBXBuildFile; fileRef = 11DE691E2585B1DB0055D84C /* WeatherData+CoreDataClass.swift */; };
		11DE69212585B1DB0055D84C /* WeatherData+CoreDataProperties.swift in Sources */ = {isa = PBXBuildFile; fileRef = 11DE691F2585B1DB0055D84C /* WeatherData+CoreDataProperties.swift */; };
		11DE8B212584255500C45085 /* AnnotationView.swift in Sources */ = {isa = PBXBuildFile; fileRef = 11DE8B202584255500C45085 /* AnnotationView.swift */; };
		11DE8B26258449E700C45085 /* Annotation.swift in Sources */ = {isa = PBXBuildFile; fileRef = 11DE8B25258449E700C45085 /* Annotation.swift */; };
		11DE8B2925844DA500C45085 /* DetailsViewHelper.swift in Sources */ = {isa = PBXBuildFile; fileRef = 11DE8B2825844DA500C45085 /* DetailsViewHelper.swift */; };
		11DE8B2F2584586F00C45085 /* ButtonView.swift in Sources */ = {isa = PBXBuildFile; fileRef = 11DE8B2E2584586F00C45085 /* ButtonView.swift */; };
		11DE8B3525851F3B00C45085 /* WeatherLogger.xcdatamodeld in Sources */ = {isa = PBXBuildFile; fileRef = 11DE8B3325851F3B00C45085 /* WeatherLogger.xcdatamodeld */; };
/* End PBXBuildFile section */

/* Begin PBXContainerItemProxy section */
		1169B4402586C9540018437E /* PBXContainerItemProxy */ = {
			isa = PBXContainerItemProxy;
			containerPortal = 11701B452580164C00F1423F /* Project object */;
			proxyType = 1;
			remoteGlobalIDString = 11701B4C2580164C00F1423F;
			remoteInfo = WeatherLogger;
		};
/* End PBXContainerItemProxy section */

/* Begin PBXFileReference section */
		111290A32583E84800FE473E /* TableViewDataSource.swift */ = {isa = PBXFileReference; lastKnownFileType = sourcecode.swift; path = TableViewDataSource.swift; sourceTree = "<group>"; };
		112140FF25856553000FC5BF /* PersistenceManager.swift */ = {isa = PBXFileReference; lastKnownFileType = sourcecode.swift; path = PersistenceManager.swift; sourceTree = "<group>"; };
		114E8ADB2582A89000043C70 /* TableViewCell.swift */ = {isa = PBXFileReference; lastKnownFileType = sourcecode.swift; path = TableViewCell.swift; sourceTree = "<group>"; };
		114E8ADC2582A89000043C70 /* TableViewCell.xib */ = {isa = PBXFileReference; lastKnownFileType = file.xib; path = TableViewCell.xib; sourceTree = "<group>"; };
		114E8B1D2582C88300043C70 /* LocationManager.swift */ = {isa = PBXFileReference; lastKnownFileType = sourcecode.swift; path = LocationManager.swift; sourceTree = "<group>"; };
		114E8B212582D62800043C70 /* UIImageView.swift */ = {isa = PBXFileReference; lastKnownFileType = sourcecode.swift; path = UIImageView.swift; sourceTree = "<group>"; };
		114E8B242583050F00043C70 /* ProgressView.swift */ = {isa = PBXFileReference; lastKnownFileType = sourcecode.swift; path = ProgressView.swift; sourceTree = "<group>"; };
		114E8B272583117A00043C70 /* Parser.swift */ = {isa = PBXFileReference; lastKnownFileType = sourcecode.swift; path = Parser.swift; sourceTree = "<group>"; };
		114E8B2A2583192C00043C70 /* Coordinate.swift */ = {isa = PBXFileReference; lastKnownFileType = sourcecode.swift; path = Coordinate.swift; sourceTree = "<group>"; };
		115AD5412586518D00E9B13F /* PersistenceDataHelper.swift */ = {isa = PBXFileReference; lastKnownFileType = sourcecode.swift; path = PersistenceDataHelper.swift; sourceTree = "<group>"; };
		115AD545258662F300E9B13F /* BottomBarView.swift */ = {isa = PBXFileReference; lastKnownFileType = sourcecode.swift; path = BottomBarView.swift; sourceTree = "<group>"; };
		115AD54825866A6900E9B13F /* ViewHelper.swift */ = {isa = PBXFileReference; lastKnownFileType = sourcecode.swift; path = ViewHelper.swift; sourceTree = "<group>"; };
		1169B43B2586C9540018437E /* WeatherLoggerUITests.xctest */ = {isa = PBXFileReference; explicitFileType = wrapper.cfbundle; includeInIndex = 0; path = WeatherLoggerUITests.xctest; sourceTree = BUILT_PRODUCTS_DIR; };
		1169B43D2586C9540018437E /* WeatherLoggerUITests.swift */ = {isa = PBXFileReference; lastKnownFileType = sourcecode.swift; path = WeatherLoggerUITests.swift; sourceTree = "<group>"; };
		1169B43F2586C9540018437E /* Info.plist */ = {isa = PBXFileReference; lastKnownFileType = text.plist.xml; path = Info.plist; sourceTree = "<group>"; };
		1169B44B258746690018437E /* BaseTests.swift */ = {isa = PBXFileReference; lastKnownFileType = sourcecode.swift; path = BaseTests.swift; sourceTree = "<group>"; };
		116CDEE22581524200793435 /* WeatherResponse.swift */ = {isa = PBXFileReference; lastKnownFileType = sourcecode.swift; path = WeatherResponse.swift; sourceTree = "<group>"; };
		116CDEE62581528D00793435 /* URLSession.swift */ = {isa = PBXFileReference; lastKnownFileType = sourcecode.swift; path = URLSession.swift; sourceTree = "<group>"; };
		116CDEEC2581538800793435 /* NetworkService.swift */ = {isa = PBXFileReference; lastKnownFileType = sourcecode.swift; path = NetworkService.swift; sourceTree = "<group>"; };
		11701B4D2580164C00F1423F /* WeatherLogger.app */ = {isa = PBXFileReference; explicitFileType = wrapper.application; includeInIndex = 0; path = WeatherLogger.app; sourceTree = BUILT_PRODUCTS_DIR; };
		11701B502580164C00F1423F /* AppDelegate.swift */ = {isa = PBXFileReference; lastKnownFileType = sourcecode.swift; path = AppDelegate.swift; sourceTree = "<group>"; };
		11701B522580164C00F1423F /* SceneDelegate.swift */ = {isa = PBXFileReference; lastKnownFileType = sourcecode.swift; path = SceneDelegate.swift; sourceTree = "<group>"; };
		11701B542580164C00F1423F /* DetailsViewController.swift */ = {isa = PBXFileReference; lastKnownFileType = sourcecode.swift; path = DetailsViewController.swift; sourceTree = "<group>"; };
		11701B572580164C00F1423F /* Base */ = {isa = PBXFileReference; lastKnownFileType = file.storyboard; name = Base; path = Base.lproj/Main.storyboard; sourceTree = "<group>"; };
		11701B592580164D00F1423F /* Assets.xcassets */ = {isa = PBXFileReference; lastKnownFileType = folder.assetcatalog; path = Assets.xcassets; sourceTree = "<group>"; };
		11701B5C2580164D00F1423F /* Base */ = {isa = PBXFileReference; lastKnownFileType = file.storyboard; name = Base; path = Base.lproj/LaunchScreen.storyboard; sourceTree = "<group>"; };
		11701B5E2580164D00F1423F /* Info.plist */ = {isa = PBXFileReference; lastKnownFileType = text.plist.xml; path = Info.plist; sourceTree = "<group>"; };
		119539F325815D6A00E73C38 /* HomeViewController.swift */ = {isa = PBXFileReference; lastKnownFileType = sourcecode.swift; path = HomeViewController.swift; sourceTree = "<group>"; };
		119539F82581699600E73C38 /* Coordinator.swift */ = {isa = PBXFileReference; lastKnownFileType = sourcecode.swift; path = Coordinator.swift; sourceTree = "<group>"; };
		119539FD25816CE000E73C38 /* MainCoordinator.swift */ = {isa = PBXFileReference; lastKnownFileType = sourcecode.swift; path = MainCoordinator.swift; sourceTree = "<group>"; };
		11953A0125816DA400E73C38 /* Storyboarded.swift */ = {isa = PBXFileReference; lastKnownFileType = sourcecode.swift; path = Storyboarded.swift; sourceTree = "<group>"; };
		11B51E3E2583CA3C00672AAC /* Date.swift */ = {isa = PBXFileReference; lastKnownFileType = sourcecode.swift; path = Date.swift; sourceTree = "<group>"; };
		11B51E452583DF0700672AAC /* UIViewController.swift */ = {isa = PBXFileReference; lastKnownFileType = sourcecode.swift; path = UIViewController.swift; sourceTree = "<group>"; };
		11DE691E2585B1DB0055D84C /* WeatherData+CoreDataClass.swift */ = {isa = PBXFileReference; lastKnownFileType = sourcecode.swift; path = "WeatherData+CoreDataClass.swift"; sourceTree = "<group>"; };
		11DE691F2585B1DB0055D84C /* WeatherData+CoreDataProperties.swift */ = {isa = PBXFileReference; lastKnownFileType = sourcecode.swift; path = "WeatherData+CoreDataProperties.swift"; sourceTree = "<group>"; };
		11DE8B202584255500C45085 /* AnnotationView.swift */ = {isa = PBXFileReference; lastKnownFileType = sourcecode.swift; path = AnnotationView.swift; sourceTree = "<group>"; };
		11DE8B25258449E700C45085 /* Annotation.swift */ = {isa = PBXFileReference; lastKnownFileType = sourcecode.swift; path = Annotation.swift; sourceTree = "<group>"; };
		11DE8B2825844DA500C45085 /* DetailsViewHelper.swift */ = {isa = PBXFileReference; lastKnownFileType = sourcecode.swift; path = DetailsViewHelper.swift; sourceTree = "<group>"; };
		11DE8B2E2584586F00C45085 /* ButtonView.swift */ = {isa = PBXFileReference; lastKnownFileType = sourcecode.swift; path = ButtonView.swift; sourceTree = "<group>"; };
		11DE8B3425851F3B00C45085 /* WeatherLogger.xcdatamodel */ = {isa = PBXFileReference; lastKnownFileType = wrapper.xcdatamodel; path = WeatherLogger.xcdatamodel; sourceTree = "<group>"; };
/* End PBXFileReference section */

/* Begin PBXFrameworksBuildPhase section */
		1169B4382586C9540018437E /* Frameworks */ = {
			isa = PBXFrameworksBuildPhase;
			buildActionMask = 2147483647;
			files = (
			);
			runOnlyForDeploymentPostprocessing = 0;
		};
		11701B4A2580164C00F1423F /* Frameworks */ = {
			isa = PBXFrameworksBuildPhase;
			buildActionMask = 2147483647;
			files = (
			);
			runOnlyForDeploymentPostprocessing = 0;
		};
/* End PBXFrameworksBuildPhase section */

/* Begin PBXGroup section */
		114E8AD42582A81F00043C70 /* XIB */ = {
			isa = PBXGroup;
			children = (
				114E8ADB2582A89000043C70 /* TableViewCell.swift */,
				114E8ADC2582A89000043C70 /* TableViewCell.xib */,
			);
			path = XIB;
			sourceTree = "<group>";
		};
		114E8B1C2582C86500043C70 /* Helpers */ = {
			isa = PBXGroup;
			children = (
				114E8B1D2582C88300043C70 /* LocationManager.swift */,
				114E8B272583117A00043C70 /* Parser.swift */,
				11DE8B2825844DA500C45085 /* DetailsViewHelper.swift */,
				112140FF25856553000FC5BF /* PersistenceManager.swift */,
				115AD5412586518D00E9B13F /* PersistenceDataHelper.swift */,
				115AD54825866A6900E9B13F /* ViewHelper.swift */,
			);
			path = Helpers;
			sourceTree = "<group>";
		};
		1169B43C2586C9540018437E /* WeatherLoggerUITests */ = {
			isa = PBXGroup;
			children = (
				1169B43D2586C9540018437E /* WeatherLoggerUITests.swift */,
				1169B44B258746690018437E /* BaseTests.swift */,
				1169B43F2586C9540018437E /* Info.plist */,
			);
			path = WeatherLoggerUITests;
			sourceTree = "<group>";
		};
		116CDEE52581526400793435 /* Extensions */ = {
			isa = PBXGroup;
			children = (
				116CDEE62581528D00793435 /* URLSession.swift */,
				114E8B212582D62800043C70 /* UIImageView.swift */,
				11B51E3E2583CA3C00672AAC /* Date.swift */,
				11B51E452583DF0700672AAC /* UIViewController.swift */,
			);
			path = Extensions;
			sourceTree = "<group>";
		};
		116CDEEB2581536500793435 /* Service */ = {
			isa = PBXGroup;
			children = (
				116CDEEC2581538800793435 /* NetworkService.swift */,
			);
			path = Service;
			sourceTree = "<group>";
		};
		116CDEEF25815CB900793435 /* Controllers */ = {
			isa = PBXGroup;
			children = (
				11701B542580164C00F1423F /* DetailsViewController.swift */,
				119539F325815D6A00E73C38 /* HomeViewController.swift */,
				111290A32583E84800FE473E /* TableViewDataSource.swift */,
			);
			path = Controllers;
			sourceTree = "<group>";
		};
		116CDEF025815CC600793435 /* Views */ = {
			isa = PBXGroup;
			children = (
				114E8B242583050F00043C70 /* ProgressView.swift */,
				11DE8B202584255500C45085 /* AnnotationView.swift */,
				11DE8B2E2584586F00C45085 /* ButtonView.swift */,
				115AD545258662F300E9B13F /* BottomBarView.swift */,
			);
			path = Views;
			sourceTree = "<group>";
		};
		11701B442580164C00F1423F = {
			isa = PBXGroup;
			children = (
				11701B4F2580164C00F1423F /* WeatherLogger */,
				1169B43C2586C9540018437E /* WeatherLoggerUITests */,
				11701B4E2580164C00F1423F /* Products */,
			);
			sourceTree = "<group>";
		};
		11701B4E2580164C00F1423F /* Products */ = {
			isa = PBXGroup;
			children = (
				11701B4D2580164C00F1423F /* WeatherLogger.app */,
				1169B43B2586C9540018437E /* WeatherLoggerUITests.xctest */,
			);
			name = Products;
			sourceTree = "<group>";
		};
		11701B4F2580164C00F1423F /* WeatherLogger */ = {
			isa = PBXGroup;
			children = (
				11701B692580470000F1423F /* Model */,
				11DE8B3725852FBD00C45085 /* Data */,
				119539F725815F1D00E73C38 /* Coordinator */,
				116CDEEB2581536500793435 /* Service */,
				114E8B1C2582C86500043C70 /* Helpers */,
				114E8AD42582A81F00043C70 /* XIB */,
				116CDEF025815CC600793435 /* Views */,
				116CDEEF25815CB900793435 /* Controllers */,
				116CDEE52581526400793435 /* Extensions */,
				11953A0025816D8A00E73C38 /* Storyboard */,
				11DE8B3125851EC500C45085 /* Resources */,
				11701B67258046EF00F1423F /* Supporting Files */,
				11701B5E2580164D00F1423F /* Info.plist */,
			);
			path = WeatherLogger;
			sourceTree = "<group>";
		};
		11701B67258046EF00F1423F /* Supporting Files */ = {
			isa = PBXGroup;
			children = (
				11701B502580164C00F1423F /* AppDelegate.swift */,
				11701B522580164C00F1423F /* SceneDelegate.swift */,
				11701B5B2580164D00F1423F /* LaunchScreen.storyboard */,
			);
			path = "Supporting Files";
			sourceTree = "<group>";
		};
		11701B692580470000F1423F /* Model */ = {
			isa = PBXGroup;
			children = (
				114E8B2A2583192C00043C70 /* Coordinate.swift */,
				116CDEE22581524200793435 /* WeatherResponse.swift */,
				11DE8B25258449E700C45085 /* Annotation.swift */,
			);
			path = Model;
			sourceTree = "<group>";
		};
		119539F725815F1D00E73C38 /* Coordinator */ = {
			isa = PBXGroup;
			children = (
				119539F82581699600E73C38 /* Coordinator.swift */,
				119539FD25816CE000E73C38 /* MainCoordinator.swift */,
			);
			path = Coordinator;
			sourceTree = "<group>";
		};
		11953A0025816D8A00E73C38 /* Storyboard */ = {
			isa = PBXGroup;
			children = (
				11701B562580164C00F1423F /* Main.storyboard */,
				11953A0125816DA400E73C38 /* Storyboarded.swift */,
			);
			path = Storyboard;
			sourceTree = "<group>";
		};
		11DE8B3125851EC500C45085 /* Resources */ = {
			isa = PBXGroup;
			children = (
				11701B592580164D00F1423F /* Assets.xcassets */,
				11DE8B3325851F3B00C45085 /* WeatherLogger.xcdatamodeld */,
			);
			path = Resources;
			sourceTree = "<group>";
		};
		11DE8B3725852FBD00C45085 /* Data */ = {
			isa = PBXGroup;
			children = (
				11DE691E2585B1DB0055D84C /* WeatherData+CoreDataClass.swift */,
				11DE691F2585B1DB0055D84C /* WeatherData+CoreDataProperties.swift */,
			);
			path = Data;
			sourceTree = "<group>";
		};
/* End PBXGroup section */

/* Begin PBXNativeTarget section */
		1169B43A2586C9540018437E /* WeatherLoggerUITests */ = {
			isa = PBXNativeTarget;
			buildConfigurationList = 1169B4442586C9540018437E /* Build configuration list for PBXNativeTarget "WeatherLoggerUITests" */;
			buildPhases = (
				1169B4372586C9540018437E /* Sources */,
				1169B4382586C9540018437E /* Frameworks */,
				1169B4392586C9540018437E /* Resources */,
			);
			buildRules = (
			);
			dependencies = (
				1169B4412586C9540018437E /* PBXTargetDependency */,
			);
			name = WeatherLoggerUITests;
			productName = WeatherLoggerUITests;
			productReference = 1169B43B2586C9540018437E /* WeatherLoggerUITests.xctest */;
			productType = "com.apple.product-type.bundle.ui-testing";
		};
		11701B4C2580164C00F1423F /* WeatherLogger */ = {
			isa = PBXNativeTarget;
			buildConfigurationList = 11701B612580164D00F1423F /* Build configuration list for PBXNativeTarget "WeatherLogger" */;
			buildPhases = (
				11701B492580164C00F1423F /* Sources */,
				11701B4A2580164C00F1423F /* Frameworks */,
				11701B4B2580164C00F1423F /* Resources */,
			);
			buildRules = (
			);
			dependencies = (
			);
			name = WeatherLogger;
			productName = WeatherLogger;
			productReference = 11701B4D2580164C00F1423F /* WeatherLogger.app */;
			productType = "com.apple.product-type.application";
		};
/* End PBXNativeTarget section */

/* Begin PBXProject section */
		11701B452580164C00F1423F /* Project object */ = {
			isa = PBXProject;
			attributes = {
				LastSwiftUpdateCheck = 1220;
				LastUpgradeCheck = 1220;
				TargetAttributes = {
					1169B43A2586C9540018437E = {
						CreatedOnToolsVersion = 12.2;
						TestTargetID = 11701B4C2580164C00F1423F;
					};
					11701B4C2580164C00F1423F = {
						CreatedOnToolsVersion = 12.2;
					};
					3778C97E268B92CE0003BAB8 = {
						CreatedOnToolsVersion = 12.5.1;
					};
				};
			};
			buildConfigurationList = 11701B482580164C00F1423F /* Build configuration list for PBXProject "WeatherLogger" */;
			compatibilityVersion = "Xcode 9.3";
			developmentRegion = en;
			hasScannedForEncodings = 0;
			knownRegions = (
				en,
				Base,
			);
			mainGroup = 11701B442580164C00F1423F;
			packageReferences = (
				37A2B77A268B6081003E01FD /* XCRemoteSwiftPackageReference "periphery" */,
			);
			productRefGroup = 11701B4E2580164C00F1423F /* Products */;
			projectDirPath = "";
			projectRoot = "";
			targets = (
				11701B4C2580164C00F1423F /* WeatherLogger */,
				1169B43A2586C9540018437E /* WeatherLoggerUITests */,
				3778C97E268B92CE0003BAB8 /* Periphery */,
			);
		};
/* End PBXProject section */

/* Begin PBXResourcesBuildPhase section */
		1169B4392586C9540018437E /* Resources */ = {
			isa = PBXResourcesBuildPhase;
			buildActionMask = 2147483647;
			files = (
			);
			runOnlyForDeploymentPostprocessing = 0;
		};
		11701B4B2580164C00F1423F /* Resources */ = {
			isa = PBXResourcesBuildPhase;
			buildActionMask = 2147483647;
			files = (
				11701B5D2580164D00F1423F /* LaunchScreen.storyboard in Resources */,
				114E8ADE2582A89000043C70 /* TableViewCell.xib in Resources */,
				11701B5A2580164D00F1423F /* Assets.xcassets in Resources */,
				11701B582580164C00F1423F /* Main.storyboard in Resources */,
			);
			runOnlyForDeploymentPostprocessing = 0;
		};
/* End PBXResourcesBuildPhase section */

/* Begin PBXShellScriptBuildPhase section */
		3778C982268B92E30003BAB8 /* ShellScript */ = {
			isa = PBXShellScriptBuildPhase;
			buildActionMask = 2147483647;
			files = (
			);
			inputFileListPaths = (
			);
			inputPaths = (
			);
			outputFileListPaths = (
			);
			outputPaths = (
			);
			runOnlyForDeploymentPostprocessing = 0;
			shellPath = /bin/sh;
			shellScript = "periphery scan --project WeatherLogger.xcodeproj --schemes WeatherLogger --targets WeatherLogger --format xcode\n";
		};
/* End PBXShellScriptBuildPhase section */

/* Begin PBXSourcesBuildPhase section */
		1169B4372586C9540018437E /* Sources */ = {
			isa = PBXSourcesBuildPhase;
			buildActionMask = 2147483647;
			files = (
				1169B44C258746690018437E /* BaseTests.swift in Sources */,
				1169B43E2586C9540018437E /* WeatherLoggerUITests.swift in Sources */,
			);
			runOnlyForDeploymentPostprocessing = 0;
		};
		11701B492580164C00F1423F /* Sources */ = {
			isa = PBXSourcesBuildPhase;
			buildActionMask = 2147483647;
			files = (
				11DE69202585B1DB0055D84C /* WeatherData+CoreDataClass.swift in Sources */,
				116CDEE32581524200793435 /* WeatherResponse.swift in Sources */,
				116CDEE72581528D00793435 /* URLSession.swift in Sources */,
				11DE8B2F2584586F00C45085 /* ButtonView.swift in Sources */,
				114E8B2B2583192C00043C70 /* Coordinate.swift in Sources */,
				11701B552580164C00F1423F /* DetailsViewController.swift in Sources */,
				114E8B222582D62800043C70 /* UIImageView.swift in Sources */,
				11701B512580164C00F1423F /* AppDelegate.swift in Sources */,
				111290A42583E84800FE473E /* TableViewDataSource.swift in Sources */,
				115AD5422586518D00E9B13F /* PersistenceDataHelper.swift in Sources */,
				115AD54925866A6900E9B13F /* ViewHelper.swift in Sources */,
				119539F425815D6A00E73C38 /* HomeViewController.swift in Sources */,
				11DE8B26258449E700C45085 /* Annotation.swift in Sources */,
				11B51E3F2583CA3C00672AAC /* Date.swift in Sources */,
				119539F92581699600E73C38 /* Coordinator.swift in Sources */,
				11DE8B212584255500C45085 /* AnnotationView.swift in Sources */,
				114E8ADD2582A89000043C70 /* TableViewCell.swift in Sources */,
				116CDEED2581538800793435 /* NetworkService.swift in Sources */,
				1121410025856553000FC5BF /* PersistenceManager.swift in Sources */,
				11DE8B2925844DA500C45085 /* DetailsViewHelper.swift in Sources */,
				11DE8B3525851F3B00C45085 /* WeatherLogger.xcdatamodeld in Sources */,
				11953A0225816DA400E73C38 /* Storyboarded.swift in Sources */,
				11B51E462583DF0700672AAC /* UIViewController.swift in Sources */,
				11DE69212585B1DB0055D84C /* WeatherData+CoreDataProperties.swift in Sources */,
				119539FE25816CE000E73C38 /* MainCoordinator.swift in Sources */,
				114E8B252583050F00043C70 /* ProgressView.swift in Sources */,
				114E8B1E2582C88300043C70 /* LocationManager.swift in Sources */,
				114E8B282583117A00043C70 /* Parser.swift in Sources */,
				115AD546258662F300E9B13F /* BottomBarView.swift in Sources */,
				11701B532580164C00F1423F /* SceneDelegate.swift in Sources */,
			);
			runOnlyForDeploymentPostprocessing = 0;
		};
/* End PBXSourcesBuildPhase section */

/* Begin PBXTargetDependency section */
		1169B4412586C9540018437E /* PBXTargetDependency */ = {
			isa = PBXTargetDependency;
			target = 11701B4C2580164C00F1423F /* WeatherLogger */;
			targetProxy = 1169B4402586C9540018437E /* PBXContainerItemProxy */;
		};
/* End PBXTargetDependency section */

/* Begin PBXVariantGroup section */
		11701B562580164C00F1423F /* Main.storyboard */ = {
			isa = PBXVariantGroup;
			children = (
				11701B572580164C00F1423F /* Base */,
			);
			name = Main.storyboard;
			sourceTree = "<group>";
		};
		11701B5B2580164D00F1423F /* LaunchScreen.storyboard */ = {
			isa = PBXVariantGroup;
			children = (
				11701B5C2580164D00F1423F /* Base */,
			);
			name = LaunchScreen.storyboard;
			sourceTree = "<group>";
		};
/* End PBXVariantGroup section */

/* Begin XCBuildConfiguration section */
		1169B4422586C9540018437E /* Debug */ = {
			isa = XCBuildConfiguration;
			buildSettings = {
				CODE_SIGN_STYLE = Automatic;
				DEVELOPMENT_TEAM = P353H6D448;
				INFOPLIST_FILE = WeatherLoggerUITests/Info.plist;
				LD_RUNPATH_SEARCH_PATHS = (
					"$(inherited)",
					"@executable_path/Frameworks",
					"@loader_path/Frameworks",
				);
				PRODUCT_BUNDLE_IDENTIFIER = maxkalik.com.WeatherLoggerUITests;
				PRODUCT_NAME = "$(TARGET_NAME)";
				SWIFT_VERSION = 5.0;
				TARGETED_DEVICE_FAMILY = "1,2";
				TEST_TARGET_NAME = WeatherLogger;
			};
			name = Debug;
		};
		1169B4432586C9540018437E /* Release */ = {
			isa = XCBuildConfiguration;
			buildSettings = {
				CODE_SIGN_STYLE = Automatic;
				DEVELOPMENT_TEAM = P353H6D448;
				INFOPLIST_FILE = WeatherLoggerUITests/Info.plist;
				LD_RUNPATH_SEARCH_PATHS = (
					"$(inherited)",
					"@executable_path/Frameworks",
					"@loader_path/Frameworks",
				);
				PRODUCT_BUNDLE_IDENTIFIER = maxkalik.com.WeatherLoggerUITests;
				PRODUCT_NAME = "$(TARGET_NAME)";
				SWIFT_VERSION = 5.0;
				TARGETED_DEVICE_FAMILY = "1,2";
				TEST_TARGET_NAME = WeatherLogger;
			};
			name = Release;
		};
		11701B5F2580164D00F1423F /* Debug */ = {
			isa = XCBuildConfiguration;
			buildSettings = {
				ALWAYS_SEARCH_USER_PATHS = NO;
				CLANG_ANALYZER_NONNULL = YES;
				CLANG_ANALYZER_NUMBER_OBJECT_CONVERSION = YES_AGGRESSIVE;
				CLANG_CXX_LANGUAGE_STANDARD = "gnu++14";
				CLANG_CXX_LIBRARY = "libc++";
				CLANG_ENABLE_MODULES = YES;
				CLANG_ENABLE_OBJC_ARC = YES;
				CLANG_ENABLE_OBJC_WEAK = YES;
				CLANG_WARN_BLOCK_CAPTURE_AUTORELEASING = YES;
				CLANG_WARN_BOOL_CONVERSION = YES;
				CLANG_WARN_COMMA = YES;
				CLANG_WARN_CONSTANT_CONVERSION = YES;
				CLANG_WARN_DEPRECATED_OBJC_IMPLEMENTATIONS = YES;
				CLANG_WARN_DIRECT_OBJC_ISA_USAGE = YES_ERROR;
				CLANG_WARN_DOCUMENTATION_COMMENTS = YES;
				CLANG_WARN_EMPTY_BODY = YES;
				CLANG_WARN_ENUM_CONVERSION = YES;
				CLANG_WARN_INFINITE_RECURSION = YES;
				CLANG_WARN_INT_CONVERSION = YES;
				CLANG_WARN_NON_LITERAL_NULL_CONVERSION = YES;
				CLANG_WARN_OBJC_IMPLICIT_RETAIN_SELF = YES;
				CLANG_WARN_OBJC_LITERAL_CONVERSION = YES;
				CLANG_WARN_OBJC_ROOT_CLASS = YES_ERROR;
				CLANG_WARN_QUOTED_INCLUDE_IN_FRAMEWORK_HEADER = YES;
				CLANG_WARN_RANGE_LOOP_ANALYSIS = YES;
				CLANG_WARN_STRICT_PROTOTYPES = YES;
				CLANG_WARN_SUSPICIOUS_MOVE = YES;
				CLANG_WARN_UNGUARDED_AVAILABILITY = YES_AGGRESSIVE;
				CLANG_WARN_UNREACHABLE_CODE = YES;
				CLANG_WARN__DUPLICATE_METHOD_MATCH = YES;
				COPY_PHASE_STRIP = NO;
				DEBUG_INFORMATION_FORMAT = dwarf;
				ENABLE_STRICT_OBJC_MSGSEND = YES;
				ENABLE_TESTABILITY = YES;
				GCC_C_LANGUAGE_STANDARD = gnu11;
				GCC_DYNAMIC_NO_PIC = NO;
				GCC_NO_COMMON_BLOCKS = YES;
				GCC_OPTIMIZATION_LEVEL = 0;
				GCC_PREPROCESSOR_DEFINITIONS = (
					"DEBUG=1",
					"$(inherited)",
				);
				GCC_WARN_64_TO_32_BIT_CONVERSION = YES;
				GCC_WARN_ABOUT_RETURN_TYPE = YES_ERROR;
				GCC_WARN_UNDECLARED_SELECTOR = YES;
				GCC_WARN_UNINITIALIZED_AUTOS = YES_AGGRESSIVE;
				GCC_WARN_UNUSED_FUNCTION = YES;
				GCC_WARN_UNUSED_VARIABLE = YES;
				IPHONEOS_DEPLOYMENT_TARGET = 13.0;
				MTL_ENABLE_DEBUG_INFO = INCLUDE_SOURCE;
				MTL_FAST_MATH = YES;
				ONLY_ACTIVE_ARCH = YES;
				SDKROOT = iphoneos;
				SWIFT_ACTIVE_COMPILATION_CONDITIONS = DEBUG;
				SWIFT_OPTIMIZATION_LEVEL = "-Onone";
			};
			name = Debug;
		};
		11701B602580164D00F1423F /* Release */ = {
			isa = XCBuildConfiguration;
			buildSettings = {
				ALWAYS_SEARCH_USER_PATHS = NO;
				CLANG_ANALYZER_NONNULL = YES;
				CLANG_ANALYZER_NUMBER_OBJECT_CONVERSION = YES_AGGRESSIVE;
				CLANG_CXX_LANGUAGE_STANDARD = "gnu++14";
				CLANG_CXX_LIBRARY = "libc++";
				CLANG_ENABLE_MODULES = YES;
				CLANG_ENABLE_OBJC_ARC = YES;
				CLANG_ENABLE_OBJC_WEAK = YES;
				CLANG_WARN_BLOCK_CAPTURE_AUTORELEASING = YES;
				CLANG_WARN_BOOL_CONVERSION = YES;
				CLANG_WARN_COMMA = YES;
				CLANG_WARN_CONSTANT_CONVERSION = YES;
				CLANG_WARN_DEPRECATED_OBJC_IMPLEMENTATIONS = YES;
				CLANG_WARN_DIRECT_OBJC_ISA_USAGE = YES_ERROR;
				CLANG_WARN_DOCUMENTATION_COMMENTS = YES;
				CLANG_WARN_EMPTY_BODY = YES;
				CLANG_WARN_ENUM_CONVERSION = YES;
				CLANG_WARN_INFINITE_RECURSION = YES;
				CLANG_WARN_INT_CONVERSION = YES;
				CLANG_WARN_NON_LITERAL_NULL_CONVERSION = YES;
				CLANG_WARN_OBJC_IMPLICIT_RETAIN_SELF = YES;
				CLANG_WARN_OBJC_LITERAL_CONVERSION = YES;
				CLANG_WARN_OBJC_ROOT_CLASS = YES_ERROR;
				CLANG_WARN_QUOTED_INCLUDE_IN_FRAMEWORK_HEADER = YES;
				CLANG_WARN_RANGE_LOOP_ANALYSIS = YES;
				CLANG_WARN_STRICT_PROTOTYPES = YES;
				CLANG_WARN_SUSPICIOUS_MOVE = YES;
				CLANG_WARN_UNGUARDED_AVAILABILITY = YES_AGGRESSIVE;
				CLANG_WARN_UNREACHABLE_CODE = YES;
				CLANG_WARN__DUPLICATE_METHOD_MATCH = YES;
				COPY_PHASE_STRIP = NO;
				DEBUG_INFORMATION_FORMAT = "dwarf-with-dsym";
				ENABLE_NS_ASSERTIONS = NO;
				ENABLE_STRICT_OBJC_MSGSEND = YES;
				GCC_C_LANGUAGE_STANDARD = gnu11;
				GCC_NO_COMMON_BLOCKS = YES;
				GCC_WARN_64_TO_32_BIT_CONVERSION = YES;
				GCC_WARN_ABOUT_RETURN_TYPE = YES_ERROR;
				GCC_WARN_UNDECLARED_SELECTOR = YES;
				GCC_WARN_UNINITIALIZED_AUTOS = YES_AGGRESSIVE;
				GCC_WARN_UNUSED_FUNCTION = YES;
				GCC_WARN_UNUSED_VARIABLE = YES;
				IPHONEOS_DEPLOYMENT_TARGET = 13.0;
				MTL_ENABLE_DEBUG_INFO = NO;
				MTL_FAST_MATH = YES;
				SDKROOT = iphoneos;
				SWIFT_COMPILATION_MODE = wholemodule;
				SWIFT_OPTIMIZATION_LEVEL = "-O";
				VALIDATE_PRODUCT = YES;
			};
			name = Release;
		};
		11701B622580164D00F1423F /* Debug */ = {
			isa = XCBuildConfiguration;
			buildSettings = {
				ASSETCATALOG_COMPILER_APPICON_NAME = AppIcon;
				ASSETCATALOG_COMPILER_GLOBAL_ACCENT_COLOR_NAME = AccentColor;
				CODE_SIGN_STYLE = Automatic;
				DEVELOPMENT_TEAM = 959ZC92GA7;
				INFOPLIST_FILE = WeatherLogger/Info.plist;
				IPHONEOS_DEPLOYMENT_TARGET = 13.0;
				LD_RUNPATH_SEARCH_PATHS = (
					"$(inherited)",
					"@executable_path/Frameworks",
				);
				PRODUCT_BUNDLE_IDENTIFIER = maxkalik.com.WeatherLogger;
				PRODUCT_NAME = "$(TARGET_NAME)";
				SWIFT_VERSION = 5.0;
				TARGETED_DEVICE_FAMILY = "1,2";
			};
			name = Debug;
		};
		11701B632580164D00F1423F /* Release */ = {
			isa = XCBuildConfiguration;
			buildSettings = {
				ASSETCATALOG_COMPILER_APPICON_NAME = AppIcon;
				ASSETCATALOG_COMPILER_GLOBAL_ACCENT_COLOR_NAME = AccentColor;
				CODE_SIGN_STYLE = Automatic;
				DEVELOPMENT_TEAM = 959ZC92GA7;
				INFOPLIST_FILE = WeatherLogger/Info.plist;
				IPHONEOS_DEPLOYMENT_TARGET = 13.0;
				LD_RUNPATH_SEARCH_PATHS = (
					"$(inherited)",
					"@executable_path/Frameworks",
				);
				PRODUCT_BUNDLE_IDENTIFIER = maxkalik.com.WeatherLogger;
				PRODUCT_NAME = "$(TARGET_NAME)";
				SWIFT_VERSION = 5.0;
				TARGETED_DEVICE_FAMILY = "1,2";
			};
			name = Release;
		};
		3778C97F268B92CE0003BAB8 /* Debug */ = {
			isa = XCBuildConfiguration;
			buildSettings = {
				CODE_SIGN_STYLE = Automatic;
				DEVELOPMENT_TEAM = P353H6D448;
				PRODUCT_NAME = "$(TARGET_NAME)";
			};
			name = Debug;
		};
		3778C980268B92CE0003BAB8 /* Release */ = {
			isa = XCBuildConfiguration;
			buildSettings = {
				CODE_SIGN_STYLE = Automatic;
				DEVELOPMENT_TEAM = P353H6D448;
				PRODUCT_NAME = "$(TARGET_NAME)";
			};
			name = Release;
		};
/* End XCBuildConfiguration section */

/* Begin XCConfigurationList section */
		1169B4442586C9540018437E /* Build configuration list for PBXNativeTarget "WeatherLoggerUITests" */ = {
			isa = XCConfigurationList;
			buildConfigurations = (
				1169B4422586C9540018437E /* Debug */,
				1169B4432586C9540018437E /* Release */,
			);
			defaultConfigurationIsVisible = 0;
			defaultConfigurationName = Release;
		};
		11701B482580164C00F1423F /* Build configuration list for PBXProject "WeatherLogger" */ = {
			isa = XCConfigurationList;
			buildConfigurations = (
				11701B5F2580164D00F1423F /* Debug */,
				11701B602580164D00F1423F /* Release */,
			);
			defaultConfigurationIsVisible = 0;
			defaultConfigurationName = Release;
		};
		11701B612580164D00F1423F /* Build configuration list for PBXNativeTarget "WeatherLogger" */ = {
			isa = XCConfigurationList;
			buildConfigurations = (
				11701B622580164D00F1423F /* Debug */,
				11701B632580164D00F1423F /* Release */,
			);
			defaultConfigurationIsVisible = 0;
			defaultConfigurationName = Release;
		};
		3778C981268B92CE0003BAB8 /* Build configuration list for PBXAggregateTarget "Periphery" */ = {
			isa = XCConfigurationList;
			buildConfigurations = (
				3778C97F268B92CE0003BAB8 /* Debug */,
				3778C980268B92CE0003BAB8 /* Release */,
			);
			defaultConfigurationIsVisible = 0;
			defaultConfigurationName = Release;
		};
/* End XCConfigurationList section */

/* Begin XCRemoteSwiftPackageReference section */
		37A2B77A268B6081003E01FD /* XCRemoteSwiftPackageReference "periphery" */ = {
			isa = XCRemoteSwiftPackageReference;
			repositoryURL = "https://github.com/peripheryapp/periphery.git";
			requirement = {
				kind = upToNextMajorVersion;
				minimumVersion = 2.7.0;
			};
		};
/* End XCRemoteSwiftPackageReference section */

/* Begin XCVersionGroup section */
		11DE8B3325851F3B00C45085 /* WeatherLogger.xcdatamodeld */ = {
			isa = XCVersionGroup;
			children = (
				11DE8B3425851F3B00C45085 /* WeatherLogger.xcdatamodel */,
			);
			currentVersion = 11DE8B3425851F3B00C45085 /* WeatherLogger.xcdatamodel */;
			path = WeatherLogger.xcdatamodeld;
			sourceTree = "<group>";
			versionGroupType = wrapper.xcdatamodel;
		};
/* End XCVersionGroup section */
	};
	rootObject = 11701B452580164C00F1423F /* Project object */;
}
